// !$*UTF8*$!
{
	archiveVersion = 1;
	classes = {
	};
	objectVersion = 50;
	objects = {

/* Begin PBXBuildFile section */
		4C8E806D227E876700500AAF /* AppDelegate.m in Sources */ = {isa = PBXBuildFile; fileRef = 4C8E806C227E876700500AAF /* AppDelegate.m */; };
		4C8E8075227E876900500AAF /* Assets.xcassets in Resources */ = {isa = PBXBuildFile; fileRef = 4C8E8074227E876900500AAF /* Assets.xcassets */; };
		4C8E8078227E876900500AAF /* LaunchScreen.storyboard in Resources */ = {isa = PBXBuildFile; fileRef = 4C8E8076227E876900500AAF /* LaunchScreen.storyboard */; };
		4C8E807B227E876900500AAF /* main.m in Sources */ = {isa = PBXBuildFile; fileRef = 4C8E807A227E876900500AAF /* main.m */; };
		4C8E8087227EDB1200500AAF /* NSStringViewController.m in Sources */ = {isa = PBXBuildFile; fileRef = 4C8E8086227EDB1200500AAF /* NSStringViewController.m */; };
		4CA12B60229697690039C361 /* NSString+TransformToPinYin.m in Sources */ = {isa = PBXBuildFile; fileRef = 4CA12B5F229697690039C361 /* NSString+TransformToPinYin.m */; };
/* End PBXBuildFile section */

/* Begin PBXFileReference section */
		4C8E8068227E876700500AAF /* DetailedNSString.app */ = {isa = PBXFileReference; explicitFileType = wrapper.application; includeInIndex = 0; path = DetailedNSString.app; sourceTree = BUILT_PRODUCTS_DIR; };
		4C8E806B227E876700500AAF /* AppDelegate.h */ = {isa = PBXFileReference; lastKnownFileType = sourcecode.c.h; path = AppDelegate.h; sourceTree = "<group>"; };
		4C8E806C227E876700500AAF /* AppDelegate.m */ = {isa = PBXFileReference; lastKnownFileType = sourcecode.c.objc; path = AppDelegate.m; sourceTree = "<group>"; };
		4C8E8074227E876900500AAF /* Assets.xcassets */ = {isa = PBXFileReference; lastKnownFileType = folder.assetcatalog; path = Assets.xcassets; sourceTree = "<group>"; };
		4C8E8077227E876900500AAF /* Base */ = {isa = PBXFileReference; lastKnownFileType = file.storyboard; name = Base; path = Base.lproj/LaunchScreen.storyboard; sourceTree = "<group>"; };
		4C8E8079227E876900500AAF /* Info.plist */ = {isa = PBXFileReference; lastKnownFileType = text.plist.xml; path = Info.plist; sourceTree = "<group>"; };
		4C8E807A227E876900500AAF /* main.m */ = {isa = PBXFileReference; lastKnownFileType = sourcecode.c.objc; path = main.m; sourceTree = "<group>"; };
		4C8E8085227EDB1200500AAF /* NSStringViewController.h */ = {isa = PBXFileReference; lastKnownFileType = sourcecode.c.h; path = NSStringViewController.h; sourceTree = "<group>"; };
		4C8E8086227EDB1200500AAF /* NSStringViewController.m */ = {isa = PBXFileReference; lastKnownFileType = sourcecode.c.objc; path = NSStringViewController.m; sourceTree = "<group>"; };
		4CA12B5E229697690039C361 /* NSString+TransformToPinYin.h */ = {isa = PBXFileReference; lastKnownFileType = sourcecode.c.h; path = "NSString+TransformToPinYin.h"; sourceTree = "<group>"; };
		4CA12B5F229697690039C361 /* NSString+TransformToPinYin.m */ = {isa = PBXFileReference; lastKnownFileType = sourcecode.c.objc; path = "NSString+TransformToPinYin.m"; sourceTree = "<group>"; };
/* End PBXFileReference section */

/* Begin PBXFrameworksBuildPhase section */
		4C8E8065227E876700500AAF /* Frameworks */ = {
			isa = PBXFrameworksBuildPhase;
			buildActionMask = 2147483647;
			files = (
			);
			runOnlyForDeploymentPostprocessing = 0;
		};
/* End PBXFrameworksBuildPhase section */

/* Begin PBXGroup section */
		4C8E805F227E876700500AAF = {
			isa = PBXGroup;
			children = (
				4C8E806A227E876700500AAF /* DetailedNSString */,
				4C8E8069227E876700500AAF /* Products */,
			);
			sourceTree = "<group>";
		};
		4C8E8069227E876700500AAF /* Products */ = {
			isa = PBXGroup;
			children = (
				4C8E8068227E876700500AAF /* DetailedNSString.app */,
			);
			name = Products;
			sourceTree = "<group>";
		};
		4C8E806A227E876700500AAF /* DetailedNSString */ = {
			isa = PBXGroup;
			children = (
				4C8E8084227EDB0400500AAF /* CustomerNSString */,
				4C8E806B227E876700500AAF /* AppDelegate.h */,
				4C8E806C227E876700500AAF /* AppDelegate.m */,
				4C8E8074227E876900500AAF /* Assets.xcassets */,
				4C8E8076227E876900500AAF /* LaunchScreen.storyboard */,
				4C8E8079227E876900500AAF /* Info.plist */,
				4C8E807A227E876900500AAF /* main.m */,
			);
			path = DetailedNSString;
			sourceTree = "<group>";
		};
		4C8E8084227EDB0400500AAF /* CustomerNSString */ = {
			isa = PBXGroup;
			children = (
				4C8E8085227EDB1200500AAF /* NSStringViewController.h */,
				4C8E8086227EDB1200500AAF /* NSStringViewController.m */,
				4CA12B5E229697690039C361 /* NSString+TransformToPinYin.h */,
				4CA12B5F229697690039C361 /* NSString+TransformToPinYin.m */,
			);
			path = CustomerNSString;
			sourceTree = "<group>";
		};
/* End PBXGroup section */

/* Begin PBXNativeTarget section */
		4C8E8067227E876700500AAF /* DetailedNSString */ = {
			isa = PBXNativeTarget;
			buildConfigurationList = 4C8E807E227E876900500AAF /* Build configuration list for PBXNativeTarget "DetailedNSString" */;
			buildPhases = (
				4C8E8064227E876700500AAF /* Sources */,
				4C8E8065227E876700500AAF /* Frameworks */,
				4C8E8066227E876700500AAF /* Resources */,
			);
			buildRules = (
			);
			dependencies = (
			);
			name = DetailedNSString;
			productName = DetailedNSString;
			productReference = 4C8E8068227E876700500AAF /* DetailedNSString.app */;
			productType = "com.apple.product-type.application";
		};
/* End PBXNativeTarget section */

/* Begin PBXProject section */
		4C8E8060227E876700500AAF /* Project object */ = {
			isa = PBXProject;
			attributes = {
				LastUpgradeCheck = 1010;
				ORGANIZATIONNAME = Jerry;
				TargetAttributes = {
					4C8E8067227E876700500AAF = {
						CreatedOnToolsVersion = 10.1;
					};
				};
			};
			buildConfigurationList = 4C8E8063227E876700500AAF /* Build configuration list for PBXProject "DetailedNSString" */;
			compatibilityVersion = "Xcode 9.3";
			developmentRegion = en;
			hasScannedForEncodings = 0;
			knownRegions = (
				en,
				Base,
			);
			mainGroup = 4C8E805F227E876700500AAF;
			productRefGroup = 4C8E8069227E876700500AAF /* Products */;
			projectDirPath = "";
			projectRoot = "";
			targets = (
				4C8E8067227E876700500AAF /* DetailedNSString */,
			);
		};
/* End PBXProject section */

/* Begin PBXResourcesBuildPhase section */
		4C8E8066227E876700500AAF /* Resources */ = {
			isa = PBXResourcesBuildPhase;
			buildActionMask = 2147483647;
			files = (
				4C8E8078227E876900500AAF /* LaunchScreen.storyboard in Resources */,
				4C8E8075227E876900500AAF /* Assets.xcassets in Resources */,
			);
			runOnlyForDeploymentPostprocessing = 0;
		};
/* End PBXResourcesBuildPhase section */

/* Begin PBXSourcesBuildPhase section */
		4C8E8064227E876700500AAF /* Sources */ = {
			isa = PBXSourcesBuildPhase;
			buildActionMask = 2147483647;
			files = (
				4CA12B60229697690039C361 /* NSString+TransformToPinYin.m in Sources */,
				4C8E8087227EDB1200500AAF /* NSStringViewController.m in Sources */,
				4C8E807B227E876900500AAF /* main.m in Sources */,
				4C8E806D227E876700500AAF /* AppDelegate.m in Sources */,
			);
			runOnlyForDeploymentPostprocessing = 0;
		};
/* End PBXSourcesBuildPhase section */

/* Begin PBXVariantGroup section */
		4C8E8076227E876900500AAF /* LaunchScreen.storyboard */ = {
			isa = PBXVariantGroup;
			children = (
				4C8E8077227E876900500AAF /* Base */,
			);
			name = LaunchScreen.storyboard;
			sourceTree = "<group>";
		};
/* End PBXVariantGroup section */

/* Begin XCBuildConfiguration section */
		4C8E807C227E876900500AAF /* Debug */ = {
			isa = XCBuildConfiguration;
			buildSettings = {
				ALWAYS_SEARCH_USER_PATHS = NO;
				CLANG_ANALYZER_NONNULL = YES;
				CLANG_ANALYZER_NUMBER_OBJECT_CONVERSION = YES_AGGRESSIVE;
				CLANG_CXX_LANGUAGE_STANDARD = "gnu++14";
				CLANG_CXX_LIBRARY = "libc++";
				CLANG_ENABLE_MODULES = YES;
				CLANG_ENABLE_OBJC_ARC = YES;
				CLANG_ENABLE_OBJC_WEAK = YES;
				CLANG_WARN_BLOCK_CAPTURE_AUTORELEASING = YES;
				CLANG_WARN_BOOL_CONVERSION = YES;
				CLANG_WARN_COMMA = YES;
				CLANG_WARN_CONSTANT_CONVERSION = YES;
				CLANG_WARN_DEPRECATED_OBJC_IMPLEMENTATIONS = YES;
				CLANG_WARN_DIRECT_OBJC_ISA_USAGE = YES_ERROR;
				CLANG_WARN_DOCUMENTATION_COMMENTS = YES;
				CLANG_WARN_EMPTY_BODY = YES;
				CLANG_WARN_ENUM_CONVERSION = YES;
				CLANG_WARN_INFINITE_RECURSION = YES;
				CLANG_WARN_INT_CONVERSION = YES;
				CLANG_WARN_NON_LITERAL_NULL_CONVERSION = YES;
				CLANG_WARN_OBJC_IMPLICIT_RETAIN_SELF = YES;
				CLANG_WARN_OBJC_LITERAL_CONVERSION = YES;
				CLANG_WARN_OBJC_ROOT_CLASS = YES_ERROR;
				CLANG_WARN_RANGE_LOOP_ANALYSIS = YES;
				CLANG_WARN_STRICT_PROTOTYPES = YES;
				CLANG_WARN_SUSPICIOUS_MOVE = YES;
				CLANG_WARN_UNGUARDED_AVAILABILITY = YES_AGGRESSIVE;
				CLANG_WARN_UNREACHABLE_CODE = YES;
				CLANG_WARN__DUPLICATE_METHOD_MATCH = YES;
				CODE_SIGN_IDENTITY = "iPhone Developer";
				COPY_PHASE_STRIP = NO;
				DEBUG_INFORMATION_FORMAT = dwarf;
				ENABLE_STRICT_OBJC_MSGSEND = YES;
				ENABLE_TESTABILITY = YES;
				GCC_C_LANGUAGE_STANDARD = gnu11;
				GCC_DYNAMIC_NO_PIC = NO;
				GCC_NO_COMMON_BLOCKS = YES;
				GCC_OPTIMIZATION_LEVEL = 0;
				GCC_PREPROCESSOR_DEFINITIONS = (
					"DEBUG=1",
					"$(inherited)",
				);
				GCC_WARN_64_TO_32_BIT_CONVERSION = YES;
				GCC_WARN_ABOUT_RETURN_TYPE = YES_ERROR;
				GCC_WARN_UNDECLARED_SELECTOR = YES;
				GCC_WARN_UNINITIALIZED_AUTOS = YES_AGGRESSIVE;
				GCC_WARN_UNUSED_FUNCTION = YES;
				GCC_WARN_UNUSED_VARIABLE = YES;
				IPHONEOS_DEPLOYMENT_TARGET = 12.1;
				MTL_ENABLE_DEBUG_INFO = INCLUDE_SOURCE;
				MTL_FAST_MATH = YES;
				ONLY_ACTIVE_ARCH = YES;
				SDKROOT = iphoneos;
			};
			name = Debug;
		};
		4C8E807D227E876900500AAF /* Release */ = {
			isa = XCBuildConfiguration;
			buildSettings = {
				ALWAYS_SEARCH_USER_PATHS = NO;
				CLANG_ANALYZER_NONNULL = YES;
				CLANG_ANALYZER_NUMBER_OBJECT_CONVERSION = YES_AGGRESSIVE;
				CLANG_CXX_LANGUAGE_STANDARD = "gnu++14";
				CLANG_CXX_LIBRARY = "libc++";
				CLANG_ENABLE_MODULES = YES;
				CLANG_ENABLE_OBJC_ARC = YES;
				CLANG_ENABLE_OBJC_WEAK = YES;
				CLANG_WARN_BLOCK_CAPTURE_AUTORELEASING = YES;
				CLANG_WARN_BOOL_CONVERSION = YES;
				CLANG_WARN_COMMA = YES;
				CLANG_WARN_CONSTANT_CONVERSION = YES;
				CLANG_WARN_DEPRECATED_OBJC_IMPLEMENTATIONS = YES;
				CLANG_WARN_DIRECT_OBJC_ISA_USAGE = YES_ERROR;
				CLANG_WARN_DOCUMENTATION_COMMENTS = YES;
				CLANG_WARN_EMPTY_BODY = YES;
				CLANG_WARN_ENUM_CONVERSION = YES;
				CLANG_WARN_INFINITE_RECURSION = YES;
				CLANG_WARN_INT_CONVERSION = YES;
				CLANG_WARN_NON_LITERAL_NULL_CONVERSION = YES;
				CLANG_WARN_OBJC_IMPLICIT_RETAIN_SELF = YES;
				CLANG_WARN_OBJC_LITERAL_CONVERSION = YES;
				CLANG_WARN_OBJC_ROOT_CLASS = YES_ERROR;
				CLANG_WARN_RANGE_LOOP_ANALYSIS = YES;
				CLANG_WARN_STRICT_PROTOTYPES = YES;
				CLANG_WARN_SUSPICIOUS_MOVE = YES;
				CLANG_WARN_UNGUARDED_AVAILABILITY = YES_AGGRESSIVE;
				CLANG_WARN_UNREACHABLE_CODE = YES;
				CLANG_WARN__DUPLICATE_METHOD_MATCH = YES;
				CODE_SIGN_IDENTITY = "iPhone Developer";
				COPY_PHASE_STRIP = NO;
				DEBUG_INFORMATION_FORMAT = "dwarf-with-dsym";
				ENABLE_NS_ASSERTIONS = NO;
				ENABLE_STRICT_OBJC_MSGSEND = YES;
				GCC_C_LANGUAGE_STANDARD = gnu11;
				GCC_NO_COMMON_BLOCKS = YES;
				GCC_WARN_64_TO_32_BIT_CONVERSION = YES;
				GCC_WARN_ABOUT_RETURN_TYPE = YES_ERROR;
				GCC_WARN_UNDECLARED_SELECTOR = YES;
				GCC_WARN_UNINITIALIZED_AUTOS = YES_AGGRESSIVE;
				GCC_WARN_UNUSED_FUNCTION = YES;
				GCC_WARN_UNUSED_VARIABLE = YES;
				IPHONEOS_DEPLOYMENT_TARGET = 12.1;
				MTL_ENABLE_DEBUG_INFO = NO;
				MTL_FAST_MATH = YES;
				SDKROOT = iphoneos;
				VALIDATE_PRODUCT = YES;
			};
			name = Release;
		};
		4C8E807F227E876900500AAF /* Debug */ = {
			isa = XCBuildConfiguration;
			buildSettings = {
				ASSETCATALOG_COMPILER_APPICON_NAME = AppIcon;
				CODE_SIGN_STYLE = Automatic;
				ENABLE_BITCODE = NO;
				INFOPLIST_FILE = DetailedNSString/Info.plist;
				IPHONEOS_DEPLOYMENT_TARGET = 9.0;
				LD_RUNPATH_SEARCH_PATHS = (
					"$(inherited)",
					"@executable_path/Frameworks",
				);
				PRODUCT_BUNDLE_IDENTIFIER = com.NSString.DetailedNSString;
				PRODUCT_NAME = "$(TARGET_NAME)";
				TARGETED_DEVICE_FAMILY = "1,2";
			};
			name = Debug;
		};
		4C8E8080227E876900500AAF /* Release */ = {
			isa = XCBuildConfiguration;
			buildSettings = {
				ASSETCATALOG_COMPILER_APPICON_NAME = AppIcon;
				CODE_SIGN_STYLE = Automatic;
				ENABLE_BITCODE = NO;
				INFOPLIST_FILE = DetailedNSString/Info.plist;
				IPHONEOS_DEPLOYMENT_TARGET = 9.0;
				LD_RUNPATH_SEARCH_PATHS = (
					"$(inherited)",
					"@executable_path/Frameworks",
				);
				PRODUCT_BUNDLE_IDENTIFIER = com.NSString.DetailedNSString;
				PRODUCT_NAME = "$(TARGET_NAME)";
				TARGETED_DEVICE_FAMILY = "1,2";
			};
			name = Release;
		};
/* End XCBuildConfiguration section */

/* Begin XCConfigurationList section */
		4C8E8063227E876700500AAF /* Build configuration list for PBXProject "DetailedNSString" */ = {
			isa = XCConfigurationList;
			buildConfigurations = (
				4C8E807C227E876900500AAF /* Debug */,
				4C8E807D227E876900500AAF /* Release */,
			);
			defaultConfigurationIsVisible = 0;
			defaultConfigurationName = Release;
		};
		4C8E807E227E876900500AAF /* Build configuration list for PBXNativeTarget "DetailedNSString" */ = {
			isa = XCConfigurationList;
			buildConfigurations = (
				4C8E807F227E876900500AAF /* Debug */,
				4C8E8080227E876900500AAF /* Release */,
			);
			defaultConfigurationIsVisible = 0;
			defaultConfigurationName = Release;
		};
/* End XCConfigurationList section */
	};
	rootObject = 4C8E8060227E876700500AAF /* Project object */;
}
